{
  "nodes": {
    "nixpkgs": {
      "locked": {
        "lastModified": 1791594108,
        "narHash": "sha256-XK4KceonkwD8LuMAt/vNrz982mXJM5jeHAxMwsUXXAQ=",
        "owner": "NixOS",
        "repo": "nixpkgs",
        "rev": "6510408d147d8c5e6d76043e899e9251756f6a75",
        "type": "github"
      },
      "original": {
        "owner": "NixOS",
        "ref": "nixos-unstable",
        "repo": "nixpkgs",
        "type": "github"
      }
    },
    "root": {
      "inputs": {
        "nixpkgs": "nixpkgs"
      }
    }
  },
  "root": "root",
  "version": 7
}
